// !$*UTF8*$!
{
	archiveVersion = 1;
	classes = {
	};
	objectVersion = 56;
	objects = {

/* Begin PBXBuildFile section */
		AD2FBFC02AFE5D6700E0D39E /* WordScramble.swift in Sources */ = {isa = PBXBuildFile; fileRef = AD2FBFBF2AFE5D6700E0D39E /* WordScramble.swift */; };
		ADC06A432B04F8A000924D6A /* start.txt in Resources */ = {isa = PBXBuildFile; fileRef = ADC06A422B04F8A000924D6A /* start.txt */; };
		DC3D81F62B695F6900825289 /* MissionView.swift in Sources */ = {isa = PBXBuildFile; fileRef = DC3D81F52B695F6900825289 /* MissionView.swift */; };
		DC40F0142B5D466D00AAD341 /* ExpenseColorModifier.swift in Sources */ = {isa = PBXBuildFile; fileRef = DC40F0132B5D466D00AAD341 /* ExpenseColorModifier.swift */; };
		DC40F0162B5D6AB100AAD341 /* ExpenseSection.swift in Sources */ = {isa = PBXBuildFile; fileRef = DC40F0152B5D6AB100AAD341 /* ExpenseSection.swift */; };
		DC40F0192B5D8EF800AAD341 /* MoonshotContentView.swift in Sources */ = {isa = PBXBuildFile; fileRef = DC40F0182B5D8EF800AAD341 /* MoonshotContentView.swift */; };
		DC55504F2AA4EDCC0028D3F0 /* ContentViewChallenge_1.swift in Sources */ = {isa = PBXBuildFile; fileRef = DC55504E2AA4EDCC0028D3F0 /* ContentViewChallenge_1.swift */; };
		DC5550532AA507E50028D3F0 /* ContentViewProject_2.swift in Sources */ = {isa = PBXBuildFile; fileRef = DC5550522AA507E50028D3F0 /* ContentViewProject_2.swift */; };
		DC5EEC8E2B6AC2BA0094EE4C /* AstronautView.swift in Sources */ = {isa = PBXBuildFile; fileRef = DC5EEC8D2B6AC2BA0094EE4C /* AstronautView.swift */; };
		DC8537CE2B5D058900893EF7 /* Expenses.swift in Sources */ = {isa = PBXBuildFile; fileRef = DC8537CD2B5D058900893EF7 /* Expenses.swift */; };
		DC8BDB5E2B0DA9D40004ABA2 /* Animations.swift in Sources */ = {isa = PBXBuildFile; fileRef = DC8BDB5D2B0DA9D40004ABA2 /* Animations.swift */; };
		DCA4657F2B5C026700B4362E /* AddView.swift in Sources */ = {isa = PBXBuildFile; fileRef = DCA4657E2B5C026700B4362E /* AddView.swift */; };
		DCA465812B5C044D00B4362E /* ExpenseItem.swift in Sources */ = {isa = PBXBuildFile; fileRef = DCA465802B5C044D00B4362E /* ExpenseItem.swift */; };
		DCA9776A2B60ABB6001D106F /* missions.json in Resources */ = {isa = PBXBuildFile; fileRef = DCA977682B60ABB6001D106F /* missions.json */; };
		DCA9776B2B60ABB6001D106F /* astronauts.json in Resources */ = {isa = PBXBuildFile; fileRef = DCA977692B60ABB6001D106F /* astronauts.json */; };
		DCA9776D2B60ACCF001D106F /* Astronaut.swift in Sources */ = {isa = PBXBuildFile; fileRef = DCA9776C2B60ACCF001D106F /* Astronaut.swift */; };
		DCA9776F2B60AEDB001D106F /* Bundle+Codable.swift in Sources */ = {isa = PBXBuildFile; fileRef = DCA9776E2B60AEDB001D106F /* Bundle+Codable.swift */; };
		DCA977712B60B62E001D106F /* Mission.swift in Sources */ = {isa = PBXBuildFile; fileRef = DCA977702B60B62E001D106F /* Mission.swift */; };
		DCB36C3A2B620CDC0015BCBE /* ShapeStyle+Color.swift in Sources */ = {isa = PBXBuildFile; fileRef = DCB36C392B620CDC0015BCBE /* ShapeStyle+Color.swift */; };
		DCC3A66C2AB94F6000B76961 /* ContentViewProject_3.swift in Sources */ = {isa = PBXBuildFile; fileRef = DCC3A66B2AB94F6000B76961 /* ContentViewProject_3.swift */; };
		DCC83DC42AA313D7001761FD /* SwiftUI100DaysApp.swift in Sources */ = {isa = PBXBuildFile; fileRef = DCC83DC32AA313D7001761FD /* SwiftUI100DaysApp.swift */; };
		DCC83DC62AA313D7001761FD /* ContentView.swift in Sources */ = {isa = PBXBuildFile; fileRef = DCC83DC52AA313D7001761FD /* ContentView.swift */; };
		DCC83DC82AA313D9001761FD /* Assets.xcassets in Resources */ = {isa = PBXBuildFile; fileRef = DCC83DC72AA313D9001761FD /* Assets.xcassets */; };
		DCC83DCB2AA313D9001761FD /* Preview Assets.xcassets in Resources */ = {isa = PBXBuildFile; fileRef = DCC83DCA2AA313D9001761FD /* Preview Assets.xcassets */; };
		DCDC70A02B22B97700756155 /* Edutainment.swift in Sources */ = {isa = PBXBuildFile; fileRef = DCDC709F2B22B97700756155 /* Edutainment.swift */; };
		DCEAF8C12B584A73002FB457 /* iExpenseContentView.swift in Sources */ = {isa = PBXBuildFile; fileRef = DCEAF8C02B584A73002FB457 /* iExpenseContentView.swift */; };
/* End PBXBuildFile section */

/* Begin PBXFileReference section */
		AD2FBFBF2AFE5D6700E0D39E /* WordScramble.swift */ = {isa = PBXFileReference; lastKnownFileType = sourcecode.swift; path = WordScramble.swift; sourceTree = "<group>"; };
		ADC06A422B04F8A000924D6A /* start.txt */ = {isa = PBXFileReference; fileEncoding = 4; lastKnownFileType = text; path = start.txt; sourceTree = "<group>"; };
		DC3D81F52B695F6900825289 /* MissionView.swift */ = {isa = PBXFileReference; lastKnownFileType = sourcecode.swift; path = MissionView.swift; sourceTree = "<group>"; };
		DC40F0132B5D466D00AAD341 /* ExpenseColorModifier.swift */ = {isa = PBXFileReference; lastKnownFileType = sourcecode.swift; path = ExpenseColorModifier.swift; sourceTree = "<group>"; };
		DC40F0152B5D6AB100AAD341 /* ExpenseSection.swift */ = {isa = PBXFileReference; lastKnownFileType = sourcecode.swift; path = ExpenseSection.swift; sourceTree = "<group>"; };
		DC40F0182B5D8EF800AAD341 /* MoonshotContentView.swift */ = {isa = PBXFileReference; lastKnownFileType = sourcecode.swift; path = MoonshotContentView.swift; sourceTree = "<group>"; };
		DC55504E2AA4EDCC0028D3F0 /* ContentViewChallenge_1.swift */ = {isa = PBXFileReference; lastKnownFileType = sourcecode.swift; path = ContentViewChallenge_1.swift; sourceTree = "<group>"; };
		DC5550522AA507E50028D3F0 /* ContentViewProject_2.swift */ = {isa = PBXFileReference; lastKnownFileType = sourcecode.swift; path = ContentViewProject_2.swift; sourceTree = "<group>"; };
		DC5EEC8D2B6AC2BA0094EE4C /* AstronautView.swift */ = {isa = PBXFileReference; lastKnownFileType = sourcecode.swift; path = AstronautView.swift; sourceTree = "<group>"; };
		DC8537CD2B5D058900893EF7 /* Expenses.swift */ = {isa = PBXFileReference; lastKnownFileType = sourcecode.swift; path = Expenses.swift; sourceTree = "<group>"; };
		DC8BDB5D2B0DA9D40004ABA2 /* Animations.swift */ = {isa = PBXFileReference; lastKnownFileType = sourcecode.swift; path = Animations.swift; sourceTree = "<group>"; };
		DCA4657E2B5C026700B4362E /* AddView.swift */ = {isa = PBXFileReference; lastKnownFileType = sourcecode.swift; path = AddView.swift; sourceTree = "<group>"; };
		DCA465802B5C044D00B4362E /* ExpenseItem.swift */ = {isa = PBXFileReference; lastKnownFileType = sourcecode.swift; path = ExpenseItem.swift; sourceTree = "<group>"; };
		DCA977682B60ABB6001D106F /* missions.json */ = {isa = PBXFileReference; fileEncoding = 4; lastKnownFileType = text.json; path = missions.json; sourceTree = "<group>"; };
		DCA977692B60ABB6001D106F /* astronauts.json */ = {isa = PBXFileReference; fileEncoding = 4; lastKnownFileType = text.json; path = astronauts.json; sourceTree = "<group>"; };
		DCA9776C2B60ACCF001D106F /* Astronaut.swift */ = {isa = PBXFileReference; lastKnownFileType = sourcecode.swift; path = Astronaut.swift; sourceTree = "<group>"; };
		DCA9776E2B60AEDB001D106F /* Bundle+Codable.swift */ = {isa = PBXFileReference; lastKnownFileType = sourcecode.swift; path = "Bundle+Codable.swift"; sourceTree = "<group>"; };
		DCA977702B60B62E001D106F /* Mission.swift */ = {isa = PBXFileReference; lastKnownFileType = sourcecode.swift; path = Mission.swift; sourceTree = "<group>"; };
		DCB36C392B620CDC0015BCBE /* ShapeStyle+Color.swift */ = {isa = PBXFileReference; lastKnownFileType = sourcecode.swift; path = "ShapeStyle+Color.swift"; sourceTree = "<group>"; };
		DCC3A66B2AB94F6000B76961 /* ContentViewProject_3.swift */ = {isa = PBXFileReference; lastKnownFileType = sourcecode.swift; path = ContentViewProject_3.swift; sourceTree = "<group>"; };
		DCC83DC02AA313D7001761FD /* SwiftUI100Days.app */ = {isa = PBXFileReference; explicitFileType = wrapper.application; includeInIndex = 0; path = SwiftUI100Days.app; sourceTree = BUILT_PRODUCTS_DIR; };
		DCC83DC32AA313D7001761FD /* SwiftUI100DaysApp.swift */ = {isa = PBXFileReference; lastKnownFileType = sourcecode.swift; path = SwiftUI100DaysApp.swift; sourceTree = "<group>"; };
		DCC83DC52AA313D7001761FD /* ContentView.swift */ = {isa = PBXFileReference; lastKnownFileType = sourcecode.swift; path = ContentView.swift; sourceTree = "<group>"; };
		DCC83DC72AA313D9001761FD /* Assets.xcassets */ = {isa = PBXFileReference; lastKnownFileType = folder.assetcatalog; path = Assets.xcassets; sourceTree = "<group>"; };
		DCC83DCA2AA313D9001761FD /* Preview Assets.xcassets */ = {isa = PBXFileReference; lastKnownFileType = folder.assetcatalog; path = "Preview Assets.xcassets"; sourceTree = "<group>"; };
		DCC83DD12AA3D65C001761FD /* Info.plist */ = {isa = PBXFileReference; lastKnownFileType = text.plist.xml; path = Info.plist; sourceTree = "<group>"; };
		DCDC709F2B22B97700756155 /* Edutainment.swift */ = {isa = PBXFileReference; lastKnownFileType = sourcecode.swift; path = Edutainment.swift; sourceTree = "<group>"; };
		DCEAF8C02B584A73002FB457 /* iExpenseContentView.swift */ = {isa = PBXFileReference; lastKnownFileType = sourcecode.swift; path = iExpenseContentView.swift; sourceTree = "<group>"; };
/* End PBXFileReference section */

/* Begin PBXFrameworksBuildPhase section */
		DCC83DBD2AA313D7001761FD /* Frameworks */ = {
			isa = PBXFrameworksBuildPhase;
			buildActionMask = 2147483647;
			files = (
			);
			runOnlyForDeploymentPostprocessing = 0;
		};
/* End PBXFrameworksBuildPhase section */

/* Begin PBXGroup section */
		DC18B5132B9DB79100B5B43D /* Resources */ = {
			isa = PBXGroup;
			children = (
				ADC06A422B04F8A000924D6A /* start.txt */,
				DCC83DC72AA313D9001761FD /* Assets.xcassets */,
			);
			path = Resources;
			sourceTree = "<group>";
		};
		DC40F0172B5D8ED100AAD341 /* Moonshot */ = {
			isa = PBXGroup;
			children = (
				DC40F0182B5D8EF800AAD341 /* MoonshotContentView.swift */,
				DCA9776C2B60ACCF001D106F /* Astronaut.swift */,
				DCA977702B60B62E001D106F /* Mission.swift */,
				DC3D81F52B695F6900825289 /* MissionView.swift */,
				DCA9776E2B60AEDB001D106F /* Bundle+Codable.swift */,
				DCB36C392B620CDC0015BCBE /* ShapeStyle+Color.swift */,
				DCA977692B60ABB6001D106F /* astronauts.json */,
				DCA977682B60ABB6001D106F /* missions.json */,
				DC5EEC8D2B6AC2BA0094EE4C /* AstronautView.swift */,
			);
			path = Moonshot;
			sourceTree = "<group>";
		};
		DC55504D2AA4ED2C0028D3F0 /* Challenge */ = {
			isa = PBXGroup;
			children = (
				DC55504E2AA4EDCC0028D3F0 /* ContentViewChallenge_1.swift */,
				DCDC709F2B22B97700756155 /* Edutainment.swift */,
			);
			path = Challenge;
			sourceTree = "<group>";
		};
		DC5550502AA507870028D3F0 /* Project */ = {
			isa = PBXGroup;
			children = (
				DC5550522AA507E50028D3F0 /* ContentViewProject_2.swift */,
				DCC3A66B2AB94F6000B76961 /* ContentViewProject_3.swift */,
				AD2FBFBF2AFE5D6700E0D39E /* WordScramble.swift */,
				DC8BDB5D2B0DA9D40004ABA2 /* Animations.swift */,
				DCA4657D2B5C024800B4362E /* iExpense */,
				DC40F0172B5D8ED100AAD341 /* Moonshot */,
			);
			path = Project;
			sourceTree = "<group>";
		};
		DC5550512AA507A00028D3F0 /* App */ = {
			isa = PBXGroup;
			children = (
				DCC83DC52AA313D7001761FD /* ContentView.swift */,
				DCC83DC32AA313D7001761FD /* SwiftUI100DaysApp.swift */,
			);
			path = App;
			sourceTree = "<group>";
		};
		DCA4657D2B5C024800B4362E /* iExpense */ = {
			isa = PBXGroup;
			children = (
				DCEAF8C02B584A73002FB457 /* iExpenseContentView.swift */,
				DCA4657E2B5C026700B4362E /* AddView.swift */,
				DCA465802B5C044D00B4362E /* ExpenseItem.swift */,
				DC8537CD2B5D058900893EF7 /* Expenses.swift */,
				DC40F0132B5D466D00AAD341 /* ExpenseColorModifier.swift */,
				DC40F0152B5D6AB100AAD341 /* ExpenseSection.swift */,
			);
			path = iExpense;
			sourceTree = "<group>";
		};
		DCC83DB72AA313D7001761FD = {
			isa = PBXGroup;
			children = (
				DCC83DC22AA313D7001761FD /* SwiftUI100Days */,
				DCC83DC12AA313D7001761FD /* Products */,
			);
			sourceTree = "<group>";
		};
		DCC83DC12AA313D7001761FD /* Products */ = {
			isa = PBXGroup;
			children = (
				DCC83DC02AA313D7001761FD /* SwiftUI100Days.app */,
			);
			name = Products;
			sourceTree = "<group>";
		};
		DCC83DC22AA313D7001761FD /* SwiftUI100Days */ = {
			isa = PBXGroup;
			children = (
				DCC83DD12AA3D65C001761FD /* Info.plist */,
				DC5550512AA507A00028D3F0 /* App */,
				DC55504D2AA4ED2C0028D3F0 /* Challenge */,
				DC5550502AA507870028D3F0 /* Project */,
				DC18B5132B9DB79100B5B43D /* Resources */,
				DCC83DC92AA313D9001761FD /* Preview Content */,
			);
			path = SwiftUI100Days;
			sourceTree = "<group>";
		};
		DCC83DC92AA313D9001761FD /* Preview Content */ = {
			isa = PBXGroup;
			children = (
				DCC83DCA2AA313D9001761FD /* Preview Assets.xcassets */,
			);
			path = "Preview Content";
			sourceTree = "<group>";
		};
/* End PBXGroup section */

/* Begin PBXNativeTarget section */
		DCC83DBF2AA313D7001761FD /* SwiftUI100Days */ = {
			isa = PBXNativeTarget;
			buildConfigurationList = DCC83DCE2AA313D9001761FD /* Build configuration list for PBXNativeTarget "SwiftUI100Days" */;
			buildPhases = (
				DCC83DBC2AA313D7001761FD /* Sources */,
				DCC83DBD2AA313D7001761FD /* Frameworks */,
				DCC83DBE2AA313D7001761FD /* Resources */,
			);
			buildRules = (
			);
			dependencies = (
			);
			name = SwiftUI100Days;
			productName = SwiftUI100Days;
			productReference = DCC83DC02AA313D7001761FD /* SwiftUI100Days.app */;
			productType = "com.apple.product-type.application";
		};
/* End PBXNativeTarget section */

/* Begin PBXProject section */
		DCC83DB82AA313D7001761FD /* Project object */ = {
			isa = PBXProject;
			attributes = {
				BuildIndependentTargetsInParallel = 1;
				LastSwiftUpdateCheck = 1500;
				LastUpgradeCheck = 1500;
				TargetAttributes = {
					DCC83DBF2AA313D7001761FD = {
						CreatedOnToolsVersion = 15.0;
					};
				};
			};
			buildConfigurationList = DCC83DBB2AA313D7001761FD /* Build configuration list for PBXProject "SwiftUI100Days" */;
			compatibilityVersion = "Xcode 14.0";
			developmentRegion = en;
			hasScannedForEncodings = 0;
			knownRegions = (
				en,
				Base,
			);
			mainGroup = DCC83DB72AA313D7001761FD;
			productRefGroup = DCC83DC12AA313D7001761FD /* Products */;
			projectDirPath = "";
			projectRoot = "";
			targets = (
				DCC83DBF2AA313D7001761FD /* SwiftUI100Days */,
			);
		};
/* End PBXProject section */

/* Begin PBXResourcesBuildPhase section */
		DCC83DBE2AA313D7001761FD /* Resources */ = {
			isa = PBXResourcesBuildPhase;
			buildActionMask = 2147483647;
			files = (
				DCC83DCB2AA313D9001761FD /* Preview Assets.xcassets in Resources */,
				ADC06A432B04F8A000924D6A /* start.txt in Resources */,
				DCA9776A2B60ABB6001D106F /* missions.json in Resources */,
				DCA9776B2B60ABB6001D106F /* astronauts.json in Resources */,
				DCC83DC82AA313D9001761FD /* Assets.xcassets in Resources */,
			);
			runOnlyForDeploymentPostprocessing = 0;
		};
/* End PBXResourcesBuildPhase section */

/* Begin PBXSourcesBuildPhase section */
		DCC83DBC2AA313D7001761FD /* Sources */ = {
			isa = PBXSourcesBuildPhase;
			buildActionMask = 2147483647;
			files = (
				DC8537CE2B5D058900893EF7 /* Expenses.swift in Sources */,
				AD2FBFC02AFE5D6700E0D39E /* WordScramble.swift in Sources */,
				DCC83DC62AA313D7001761FD /* ContentView.swift in Sources */,
				DCDC70A02B22B97700756155 /* Edutainment.swift in Sources */,
				DC55504F2AA4EDCC0028D3F0 /* ContentViewChallenge_1.swift in Sources */,
				DCB36C3A2B620CDC0015BCBE /* ShapeStyle+Color.swift in Sources */,
				DCA9776F2B60AEDB001D106F /* Bundle+Codable.swift in Sources */,
				DC5EEC8E2B6AC2BA0094EE4C /* AstronautView.swift in Sources */,
				DCA977712B60B62E001D106F /* Mission.swift in Sources */,
				DCC3A66C2AB94F6000B76961 /* ContentViewProject_3.swift in Sources */,
				DC3D81F62B695F6900825289 /* MissionView.swift in Sources */,
				DC40F0192B5D8EF800AAD341 /* MoonshotContentView.swift in Sources */,
				DCC83DC42AA313D7001761FD /* SwiftUI100DaysApp.swift in Sources */,
				DCA4657F2B5C026700B4362E /* AddView.swift in Sources */,
				DC40F0162B5D6AB100AAD341 /* ExpenseSection.swift in Sources */,
				DCA465812B5C044D00B4362E /* ExpenseItem.swift in Sources */,
				DCA9776D2B60ACCF001D106F /* Astronaut.swift in Sources */,
				DC40F0142B5D466D00AAD341 /* ExpenseColorModifier.swift in Sources */,
				DC5550532AA507E50028D3F0 /* ContentViewProject_2.swift in Sources */,
				DC8BDB5E2B0DA9D40004ABA2 /* Animations.swift in Sources */,
				DCEAF8C12B584A73002FB457 /* iExpenseContentView.swift in Sources */,
			);
			runOnlyForDeploymentPostprocessing = 0;
		};
/* End PBXSourcesBuildPhase section */

/* Begin XCBuildConfiguration section */
		DCC83DCC2AA313D9001761FD /* Debug */ = {
			isa = XCBuildConfiguration;
			buildSettings = {
				ALWAYS_SEARCH_USER_PATHS = NO;
				ASSETCATALOG_COMPILER_GENERATE_SWIFT_ASSET_SYMBOL_EXTENSIONS = YES;
				CLANG_ANALYZER_NONNULL = YES;
				CLANG_ANALYZER_NUMBER_OBJECT_CONVERSION = YES_AGGRESSIVE;
				CLANG_CXX_LANGUAGE_STANDARD = "gnu++20";
				CLANG_ENABLE_MODULES = YES;
				CLANG_ENABLE_OBJC_ARC = YES;
				CLANG_ENABLE_OBJC_WEAK = YES;
				CLANG_WARN_BLOCK_CAPTURE_AUTORELEASING = YES;
				CLANG_WARN_BOOL_CONVERSION = YES;
				CLANG_WARN_COMMA = YES;
				CLANG_WARN_CONSTANT_CONVERSION = YES;
				CLANG_WARN_DEPRECATED_OBJC_IMPLEMENTATIONS = YES;
				CLANG_WARN_DIRECT_OBJC_ISA_USAGE = YES_ERROR;
				CLANG_WARN_DOCUMENTATION_COMMENTS = YES;
				CLANG_WARN_EMPTY_BODY = YES;
				CLANG_WARN_ENUM_CONVERSION = YES;
				CLANG_WARN_INFINITE_RECURSION = YES;
				CLANG_WARN_INT_CONVERSION = YES;
				CLANG_WARN_NON_LITERAL_NULL_CONVERSION = YES;
				CLANG_WARN_OBJC_IMPLICIT_RETAIN_SELF = YES;
				CLANG_WARN_OBJC_LITERAL_CONVERSION = YES;
				CLANG_WARN_OBJC_ROOT_CLASS = YES_ERROR;
				CLANG_WARN_QUOTED_INCLUDE_IN_FRAMEWORK_HEADER = YES;
				CLANG_WARN_RANGE_LOOP_ANALYSIS = YES;
				CLANG_WARN_STRICT_PROTOTYPES = YES;
				CLANG_WARN_SUSPICIOUS_MOVE = YES;
				CLANG_WARN_UNGUARDED_AVAILABILITY = YES_AGGRESSIVE;
				CLANG_WARN_UNREACHABLE_CODE = YES;
				CLANG_WARN__DUPLICATE_METHOD_MATCH = YES;
				COPY_PHASE_STRIP = NO;
				DEBUG_INFORMATION_FORMAT = dwarf;
				ENABLE_STRICT_OBJC_MSGSEND = YES;
				ENABLE_TESTABILITY = YES;
				ENABLE_USER_SCRIPT_SANDBOXING = YES;
				GCC_C_LANGUAGE_STANDARD = gnu17;
				GCC_DYNAMIC_NO_PIC = NO;
				GCC_NO_COMMON_BLOCKS = YES;
				GCC_OPTIMIZATION_LEVEL = 0;
				GCC_PREPROCESSOR_DEFINITIONS = (
					"DEBUG=1",
					"$(inherited)",
				);
				GCC_WARN_64_TO_32_BIT_CONVERSION = YES;
				GCC_WARN_ABOUT_RETURN_TYPE = YES_ERROR;
				GCC_WARN_UNDECLARED_SELECTOR = YES;
				GCC_WARN_UNINITIALIZED_AUTOS = YES_AGGRESSIVE;
				GCC_WARN_UNUSED_FUNCTION = YES;
				GCC_WARN_UNUSED_VARIABLE = YES;
				IPHONEOS_DEPLOYMENT_TARGET = 16.4;
				LOCALIZATION_PREFERS_STRING_CATALOGS = YES;
				MTL_ENABLE_DEBUG_INFO = INCLUDE_SOURCE;
				MTL_FAST_MATH = YES;
				ONLY_ACTIVE_ARCH = YES;
				SDKROOT = iphoneos;
				SWIFT_ACTIVE_COMPILATION_CONDITIONS = "DEBUG $(inherited)";
				SWIFT_OPTIMIZATION_LEVEL = "-Onone";
			};
			name = Debug;
		};
		DCC83DCD2AA313D9001761FD /* Release */ = {
			isa = XCBuildConfiguration;
			buildSettings = {
				ALWAYS_SEARCH_USER_PATHS = NO;
				ASSETCATALOG_COMPILER_GENERATE_SWIFT_ASSET_SYMBOL_EXTENSIONS = YES;
				CLANG_ANALYZER_NONNULL = YES;
				CLANG_ANALYZER_NUMBER_OBJECT_CONVERSION = YES_AGGRESSIVE;
				CLANG_CXX_LANGUAGE_STANDARD = "gnu++20";
				CLANG_ENABLE_MODULES = YES;
				CLANG_ENABLE_OBJC_ARC = YES;
				CLANG_ENABLE_OBJC_WEAK = YES;
				CLANG_WARN_BLOCK_CAPTURE_AUTORELEASING = YES;
				CLANG_WARN_BOOL_CONVERSION = YES;
				CLANG_WARN_COMMA = YES;
				CLANG_WARN_CONSTANT_CONVERSION = YES;
				CLANG_WARN_DEPRECATED_OBJC_IMPLEMENTATIONS = YES;
				CLANG_WARN_DIRECT_OBJC_ISA_USAGE = YES_ERROR;
				CLANG_WARN_DOCUMENTATION_COMMENTS = YES;
				CLANG_WARN_EMPTY_BODY = YES;
				CLANG_WARN_ENUM_CONVERSION = YES;
				CLANG_WARN_INFINITE_RECURSION = YES;
				CLANG_WARN_INT_CONVERSION = YES;
				CLANG_WARN_NON_LITERAL_NULL_CONVERSION = YES;
				CLANG_WARN_OBJC_IMPLICIT_RETAIN_SELF = YES;
				CLANG_WARN_OBJC_LITERAL_CONVERSION = YES;
				CLANG_WARN_OBJC_ROOT_CLASS = YES_ERROR;
				CLANG_WARN_QUOTED_INCLUDE_IN_FRAMEWORK_HEADER = YES;
				CLANG_WARN_RANGE_LOOP_ANALYSIS = YES;
				CLANG_WARN_STRICT_PROTOTYPES = YES;
				CLANG_WARN_SUSPICIOUS_MOVE = YES;
				CLANG_WARN_UNGUARDED_AVAILABILITY = YES_AGGRESSIVE;
				CLANG_WARN_UNREACHABLE_CODE = YES;
				CLANG_WARN__DUPLICATE_METHOD_MATCH = YES;
				COPY_PHASE_STRIP = NO;
				DEBUG_INFORMATION_FORMAT = "dwarf-with-dsym";
				ENABLE_NS_ASSERTIONS = NO;
				ENABLE_STRICT_OBJC_MSGSEND = YES;
				ENABLE_USER_SCRIPT_SANDBOXING = YES;
				GCC_C_LANGUAGE_STANDARD = gnu17;
				GCC_NO_COMMON_BLOCKS = YES;
				GCC_WARN_64_TO_32_BIT_CONVERSION = YES;
				GCC_WARN_ABOUT_RETURN_TYPE = YES_ERROR;
				GCC_WARN_UNDECLARED_SELECTOR = YES;
				GCC_WARN_UNINITIALIZED_AUTOS = YES_AGGRESSIVE;
				GCC_WARN_UNUSED_FUNCTION = YES;
				GCC_WARN_UNUSED_VARIABLE = YES;
				IPHONEOS_DEPLOYMENT_TARGET = 16.4;
				LOCALIZATION_PREFERS_STRING_CATALOGS = YES;
				MTL_ENABLE_DEBUG_INFO = NO;
				MTL_FAST_MATH = YES;
				SDKROOT = iphoneos;
				SWIFT_COMPILATION_MODE = wholemodule;
				VALIDATE_PRODUCT = YES;
			};
			name = Release;
		};
		DCC83DCF2AA313D9001761FD /* Debug */ = {
			isa = XCBuildConfiguration;
			buildSettings = {
				ASSETCATALOG_COMPILER_APPICON_NAME = AppIcon;
				ASSETCATALOG_COMPILER_GLOBAL_ACCENT_COLOR_NAME = AccentColor;
				ASSETCATALOG_COMPILER_INCLUDE_ALL_APPICON_ASSETS = YES;
				CODE_SIGN_STYLE = Automatic;
				CURRENT_PROJECT_VERSION = 1;
				DEVELOPMENT_ASSET_PATHS = "\"SwiftUI100Days/Preview Content\"";
				DEVELOPMENT_TEAM = 87MV5ZDVCZ;
				ENABLE_PREVIEWS = YES;
				GENERATE_INFOPLIST_FILE = YES;
				INFOPLIST_FILE = SwiftUI100Days/Info.plist;
				INFOPLIST_KEY_UIApplicationSceneManifest_Generation = YES;
				INFOPLIST_KEY_UIApplicationSupportsIndirectInputEvents = YES;
				INFOPLIST_KEY_UILaunchScreen_Generation = YES;
				INFOPLIST_KEY_UISupportedInterfaceOrientations = "UIInterfaceOrientationLandscapeLeft UIInterfaceOrientationLandscapeRight UIInterfaceOrientationPortrait";
				INFOPLIST_KEY_UISupportedInterfaceOrientations_iPad = "UIInterfaceOrientationLandscapeLeft UIInterfaceOrientationLandscapeRight UIInterfaceOrientationPortrait UIInterfaceOrientationPortraitUpsideDown";
				IPHONEOS_DEPLOYMENT_TARGET = 17.0;
				LD_RUNPATH_SEARCH_PATHS = (
					"$(inherited)",
					"@executable_path/Frameworks",
				);
				MARKETING_VERSION = 1.0;
				PRODUCT_BUNDLE_IDENTIFIER = com.muhammadasad.SwiftUI100Days;
				PRODUCT_NAME = "$(TARGET_NAME)";
				SWIFT_EMIT_LOC_STRINGS = YES;
				SWIFT_VERSION = 6.0;
				TARGETED_DEVICE_FAMILY = "1,2";
			};
			name = Debug;
		};
		DCC83DD02AA313D9001761FD /* Release */ = {
			isa = XCBuildConfiguration;
			buildSettings = {
				ASSETCATALOG_COMPILER_APPICON_NAME = AppIcon;
				ASSETCATALOG_COMPILER_GLOBAL_ACCENT_COLOR_NAME = AccentColor;
				ASSETCATALOG_COMPILER_INCLUDE_ALL_APPICON_ASSETS = YES;
				CODE_SIGN_STYLE = Automatic;
				CURRENT_PROJECT_VERSION = 1;
				DEVELOPMENT_ASSET_PATHS = "\"SwiftUI100Days/Preview Content\"";
				DEVELOPMENT_TEAM = 87MV5ZDVCZ;
				ENABLE_PREVIEWS = YES;
				GENERATE_INFOPLIST_FILE = YES;
				INFOPLIST_FILE = SwiftUI100Days/Info.plist;
				INFOPLIST_KEY_UIApplicationSceneManifest_Generation = YES;
				INFOPLIST_KEY_UIApplicationSupportsIndirectInputEvents = YES;
				INFOPLIST_KEY_UILaunchScreen_Generation = YES;
				INFOPLIST_KEY_UISupportedInterfaceOrientations = "UIInterfaceOrientationLandscapeLeft UIInterfaceOrientationLandscapeRight UIInterfaceOrientationPortrait";
				INFOPLIST_KEY_UISupportedInterfaceOrientations_iPad = "UIInterfaceOrientationLandscapeLeft UIInterfaceOrientationLandscapeRight UIInterfaceOrientationPortrait UIInterfaceOrientationPortraitUpsideDown";
				IPHONEOS_DEPLOYMENT_TARGET = 17.0;
				LD_RUNPATH_SEARCH_PATHS = (
					"$(inherited)",
					"@executable_path/Frameworks",
				);
				MARKETING_VERSION = 1.0;
				PRODUCT_BUNDLE_IDENTIFIER = com.muhammadasad.SwiftUI100Days;
				PRODUCT_NAME = "$(TARGET_NAME)";
				SWIFT_EMIT_LOC_STRINGS = YES;
				SWIFT_VERSION = 6.0;
				TARGETED_DEVICE_FAMILY = "1,2";
			};
			name = Release;
		};
/* End XCBuildConfiguration section */

/* Begin XCConfigurationList section */
		DCC83DBB2AA313D7001761FD /* Build configuration list for PBXProject "SwiftUI100Days" */ = {
			isa = XCConfigurationList;
			buildConfigurations = (
				DCC83DCC2AA313D9001761FD /* Debug */,
				DCC83DCD2AA313D9001761FD /* Release */,
			);
			defaultConfigurationIsVisible = 0;
			defaultConfigurationName = Release;
		};
		DCC83DCE2AA313D9001761FD /* Build configuration list for PBXNativeTarget "SwiftUI100Days" */ = {
			isa = XCConfigurationList;
			buildConfigurations = (
				DCC83DCF2AA313D9001761FD /* Debug */,
				DCC83DD02AA313D9001761FD /* Release */,
			);
			defaultConfigurationIsVisible = 0;
			defaultConfigurationName = Release;
		};
/* End XCConfigurationList section */
	};
	rootObject = DCC83DB82AA313D7001761FD /* Project object */;
}
